{
  "name": "imgproxy",
  "version": "0.0.1",
  "lockfileVersion": 1,
  "requires": true,
  "dependencies": {
    "nanoid": {
      "version": "2.0.4",
      "resolved": "https://registry.npmjs.org/nanoid/-/nanoid-2.0.4.tgz",
      "integrity": "sha512-sOJnBmY3TJQBVIBqKHoifuwygrocXg3NjS9rZSMnVl05XWSHK7Qxb177AIZQyMDjP86bz+yneozj/h9qsPLcCA=="
    },
    "shortid": {
      "version": "2.2.14",
      "resolved": "https://registry.npmjs.org/shortid/-/shortid-2.2.14.tgz",
      "integrity": "sha512-4UnZgr9gDdA1kaKj/38IiudfC3KHKhDc1zi/HSxd9FQDR0VLwH3/y79tZJLsVYPsJgIjeHjqIWaWVRJUj9qZOQ==",
      "requires": {
        "nanoid": "^2.0.0"
      }
    }
  }
}
